
Microsoft Visual Studio Solution File, Format Version 12.00
# Visual Studio 2013
VisualStudioVersion = 12.0.21005.1
MinimumVisualStudioVersion = 10.0.40219.1
Project("{FAE04EC0-301F-11D3-BF4B-00C04F79EFBC}") = "Vlecerf.Com.SPCTLC.SP2013", "Vlecerf.Com.SPCTLC\Vlecerf.Com.SPCTLC.SP2013.csproj", "{45520B54-730D-4C72-BACF-2D372AEB313B}"
EndProject
Global
	GlobalSection(TeamFoundationVersionControl) = preSolution
		SccNumberOfProjects = 2
		SccEnterpriseProvider = {4CA58AB2-18FA-4F8D-95D4-32DDF27D184C}
		SccTeamFoundationServer = https://tfs.codeplex.com/tfs/tfs40
		SccLocalPath0 = .
		SccProjectUniqueName1 = Vlecerf.Com.SPCTLC\\Vlecerf.Com.SPCTLC.SP2013.csproj
		SccProjectName1 = Vlecerf.Com.SPCTLC
		SccLocalPath1 = Vlecerf.Com.SPCTLC
	EndGlobalSection
	GlobalSection(SolutionConfigurationPlatforms) = preSolution
		Debug|Any CPU = Debug|Any CPU
		Release|Any CPU = Release|Any CPU
	EndGlobalSection
	GlobalSection(ProjectConfigurationPlatforms) = postSolution
		{45520B54-730D-4C72-BACF-2D372AEB313B}.Debug|Any CPU.ActiveCfg = Debug|Any CPU
		{45520B54-730D-4C72-BACF-2D372AEB313B}.Debug|Any CPU.Build.0 = Debug|Any CPU
		{45520B54-730D-4C72-BACF-2D372AEB313B}.Debug|Any CPU.Deploy.0 = Debug|Any CPU
		{45520B54-730D-4C72-BACF-2D372AEB313B}.Release|Any CPU.ActiveCfg = Release|Any CPU
		{45520B54-730D-4C72-BACF-2D372AEB313B}.Release|Any CPU.Build.0 = Release|Any CPU
		{45520B54-730D-4C72-BACF-2D372AEB313B}.Release|Any CPU.Deploy.0 = Release|Any CPU
	EndGlobalSection
	GlobalSection(SolutionProperties) = preSolution
		HideSolutionNode = FALSE
	EndGlobalSection
EndGlobal
